{
  "nodes": {
    "nixpkgs": {
      "locked": {
        "lastModified": 1759831965,
        "narHash": "sha256-vgPm2xjOmKdZ0xKA6yLXPJpjOtQPHfaZDRtH+47XEBo=",
        "owner": "NixOS",
        "repo": "nixpkgs",
        "rev": "c9b6fb798541223bbb396d287d16f43520250518",
        "type": "github"
      },
      "original": {
        "owner": "NixOS",
        "ref": "nixos-unstable",
        "repo": "nixpkgs",
        "type": "github"
      }
    },
    "root": {
      "inputs": {
        "nixpkgs": "nixpkgs",
        "sqlite-amalgamation": "sqlite-amalgamation",
        "utils": "utils",
        "zig-cli": "zig-cli",
        "zig-sqlite": "zig-sqlite",
        "zon-parser": "zon-parser"
      }
    },
    "sqlite-amalgamation": {
      "flake": false,
      "locked": {
        "lastModified": 1736853748,
        "narHash": "sha256-RGb3UiOxP4TQ5c2FtGfcBiIK6nvCUGcGCw3bfoVyRpE=",
        "type": "tarball",
        "url": "https://sqlite.org/2025/sqlite-amalgamation-3480000.zip"
      },
      "original": {
        "type": "tarball",
        "url": "https://sqlite.org/2025/sqlite-amalgamation-3480000.zip"
      }
    },
    "systems": {
      "locked": {
        "lastModified": 1681028828,
        "narHash": "sha256-Vy1rq5AaRuLzOxct8nz4T6wlgyUR7zLU309k9mBC768=",
        "owner": "nix-systems",
        "repo": "default",
        "rev": "da67096a3b9bf56a91d16901293e51ba5b49a27e",
        "type": "github"
      },
      "original": {
        "owner": "nix-systems",
        "repo": "default",
        "type": "github"
      }
    },
    "utils": {
      "inputs": {
        "systems": "systems"
      },
      "locked": {
        "lastModified": 1731533236,
        "narHash": "sha256-l0KFg5HjrsfsO/JpG+r7fRrqm12kzFHyUHqHCVpMMbI=",
        "owner": "numtide",
        "repo": "flake-utils",
        "rev": "11707dc2f618dd54ca8739b309ec4fc024de578b",
        "type": "github"
      },
      "original": {
        "owner": "numtide",
        "repo": "flake-utils",
        "type": "github"
      }
    },
    "zig-cli": {
      "flake": false,
      "locked": {
        "lastModified": 1756628093,
        "narHash": "sha256-gjo2O7jtFcnqbGehwczDOeaRDg7JdUBfu2BcHa+nsH4=",
        "owner": "sam701",
        "repo": "zig-cli",
        "rev": "f9a516ddc9771ddd2c8c46a280a9ab6cab8261f2",
        "type": "github"
      },
      "original": {
        "owner": "sam701",
        "repo": "zig-cli",
        "type": "github"
      }
    },
    "zig-sqlite": {
      "flake": false,
      "locked": {
        "lastModified": 1756558878,
        "narHash": "sha256-6RxaQO+EAZzuj63m35WV+ofza2VlCHbeDWPa/mjtRDE=",
        "owner": "vrischmann",
        "repo": "zig-sqlite",
        "rev": "6d90ee900d186a7fbb6066f28ee13beeaf8be345",
        "type": "github"
      },
      "original": {
        "owner": "vrischmann",
        "repo": "zig-sqlite",
        "type": "github"
      }
    },
    "zon-parser": {
      "locked": {
        "lastModified": 1754494513,
        "narHash": "sha256-bwlY2e7mxNFYi5DXElv2PMo/ijXOUyq2TLggP0FcKnE=",
        "owner": "Jeansidharta",
        "repo": "nix-zon-parser",
        "rev": "24fc490f0be66ca658b9679b99d676c6dfc6905b",
        "type": "github"
      },
      "original": {
        "owner": "Jeansidharta",
        "repo": "nix-zon-parser",
        "type": "github"
      }
    }
  },
  "root": "root",
  "version": 7
}
