{
  "nodes": {
    "nixpkgs": {
      "locked": {
        "lastModified": 1754340878,
        "narHash": "sha256-lgmUyVQL9tSnvvIvBp7x1euhkkCho7n3TMzgjdvgPoU=",
        "owner": "NixOS",
        "repo": "nixpkgs",
        "rev": "cab778239e705082fe97bb4990e0d24c50924c04",
        "type": "github"
      },
      "original": {
        "id": "nixpkgs",
        "type": "indirect"
      }
    },
    "root": {
      "inputs": {
        "nixpkgs": "nixpkgs",
        "sqlite-amalgamation": "sqlite-amalgamation",
        "utils": "utils",
        "zig-cli": "zig-cli",
        "zig-sqlite": "zig-sqlite",
        "zon-parser": "zon-parser"
      }
    },
    "sqlite-amalgamation": {
      "flake": false,
      "locked": {
        "lastModified": 1736853748,
        "narHash": "sha256-RGb3UiOxP4TQ5c2FtGfcBiIK6nvCUGcGCw3bfoVyRpE=",
        "type": "tarball",
        "url": "https://sqlite.org/2025/sqlite-amalgamation-3480000.zip"
      },
      "original": {
        "type": "tarball",
        "url": "https://sqlite.org/2025/sqlite-amalgamation-3480000.zip"
      }
    },
    "systems": {
      "locked": {
        "lastModified": 1681028828,
        "narHash": "sha256-Vy1rq5AaRuLzOxct8nz4T6wlgyUR7zLU309k9mBC768=",
        "owner": "nix-systems",
        "repo": "default",
        "rev": "da67096a3b9bf56a91d16901293e51ba5b49a27e",
        "type": "github"
      },
      "original": {
        "owner": "nix-systems",
        "repo": "default",
        "type": "github"
      }
    },
    "utils": {
      "inputs": {
        "systems": "systems"
      },
      "locked": {
        "lastModified": 1731533236,
        "narHash": "sha256-l0KFg5HjrsfsO/JpG+r7fRrqm12kzFHyUHqHCVpMMbI=",
        "owner": "numtide",
        "repo": "flake-utils",
        "rev": "11707dc2f618dd54ca8739b309ec4fc024de578b",
        "type": "github"
      },
      "original": {
        "owner": "numtide",
        "repo": "flake-utils",
        "type": "github"
      }
    },
    "zig-cli": {
      "flake": false,
      "locked": {
        "lastModified": 1752479953,
        "narHash": "sha256-o8p6fEaSJ585MU3v6vwBY0hOvpT2C7Mlo45VWwQwbOE=",
        "owner": "sam701",
        "repo": "zig-cli",
        "rev": "bdaab80c0f24624cb4e8b80bb7b34957263f67b8",
        "type": "github"
      },
      "original": {
        "owner": "sam701",
        "repo": "zig-cli",
        "type": "github"
      }
    },
    "zig-sqlite": {
      "flake": false,
      "locked": {
        "lastModified": 1749506484,
        "narHash": "sha256-UoFjo0UXcVMQeYToNjnO+v6z4WI9JuPkEbCm+R5zH14=",
        "owner": "vrischmann",
        "repo": "zig-sqlite",
        "rev": "be8b4965b46fc1a7a819bf3cba09f370c0e9c64c",
        "type": "github"
      },
      "original": {
        "owner": "vrischmann",
        "repo": "zig-sqlite",
        "type": "github"
      }
    },
    "zon-parser": {
      "locked": {
        "lastModified": 1754494513,
        "narHash": "sha256-bwlY2e7mxNFYi5DXElv2PMo/ijXOUyq2TLggP0FcKnE=",
        "owner": "Jeansidharta",
        "repo": "nix-zon-parser",
        "rev": "24fc490f0be66ca658b9679b99d676c6dfc6905b",
        "type": "github"
      },
      "original": {
        "owner": "Jeansidharta",
        "repo": "nix-zon-parser",
        "type": "github"
      }
    }
  },
  "root": "root",
  "version": 7
}
